
Microsoft Visual Studio Solution File, Format Version 12.00
# Visual Studio Version 17
VisualStudioVersion = 17.0.31903.59
MinimumVisualStudioVersion = 10.0.40219.1
Project("{9A19103F-16F7-4668-BE54-9A1E7A4F7556}") = "PrimeService", "..\PrimeService\PrimeService.csproj", "{2AB9260F-BCB5-4021-BE2A-AC0BA5A35F14}"
EndProject
Project("{9A19103F-16F7-4668-BE54-9A1E7A4F7556}") = "PrimeService.Tests", "..\PrimeService.Tests\PrimeService.Tests.csproj", "{8289600A-3AE3-48BE-84F8-6EC50A25722D}"
EndProject
Global
	GlobalSection(SolutionConfigurationPlatforms) = preSolution
		Debug|Any CPU = Debug|Any CPU
		Release|Any CPU = Release|Any CPU
	EndGlobalSection
	GlobalSection(ProjectConfigurationPlatforms) = postSolution
		{2AB9260F-BCB5-4021-BE2A-AC0BA5A35F14}.Debug|Any CPU.ActiveCfg = Debug|Any CPU
		{2AB9260F-BCB5-4021-BE2A-AC0BA5A35F14}.Debug|Any CPU.Build.0 = Debug|Any CPU
		{2AB9260F-BCB5-4021-BE2A-AC0BA5A35F14}.Release|Any CPU.ActiveCfg = Release|Any CPU
		{2AB9260F-BCB5-4021-BE2A-AC0BA5A35F14}.Release|Any CPU.Build.0 = Release|Any CPU
		{8289600A-3AE3-48BE-84F8-6EC50A25722D}.Debug|Any CPU.ActiveCfg = Debug|Any CPU
		{8289600A-3AE3-48BE-84F8-6EC50A25722D}.Debug|Any CPU.Build.0 = Debug|Any CPU
		{8289600A-3AE3-48BE-84F8-6EC50A25722D}.Release|Any CPU.ActiveCfg = Release|Any CPU
		{8289600A-3AE3-48BE-84F8-6EC50A25722D}.Release|Any CPU.Build.0 = Release|Any CPU
	EndGlobalSection
	GlobalSection(SolutionProperties) = preSolution
		HideSolutionNode = FALSE
	EndGlobalSection
	GlobalSection(ExtensibilityGlobals) = postSolution
		SolutionGuid = {D7EF2B8A-630A-4A68-B42F-FE5071D9A4DE}
	EndGlobalSection
EndGlobal
